PODS:
  - WordPressFlux (1.0.1-beta.1)

DEPENDENCIES:
  - WordPressFlux (~> 1.0.1-beta)

SPEC REPOS:
  https://github.com/cocoapods/specs.git:
    - WordPressFlux

SPEC CHECKSUMS:
  WordPressFlux: 86000d767c3fe9513506ddd07936c8fcda1a268b

PODFILE CHECKSUM: 0192e10f2f61c0023543cc74b3a7f12d31c5855d

COCOAPODS: 1.7.1
