// !$*UTF8*$!
{
	archiveVersion = 1;
	classes = {
	};
	objectVersion = 51;
	objects = {

/* Begin PBXBuildFile section */
		9A818DDF22A2A5EC00E88290 /* AppDelegate.swift in Sources */ = {isa = PBXBuildFile; fileRef = 9A818DDE22A2A5EC00E88290 /* AppDelegate.swift */; };
		9A818DE122A2A5EC00E88290 /* MenusViewController.swift in Sources */ = {isa = PBXBuildFile; fileRef = 9A818DE022A2A5EC00E88290 /* MenusViewController.swift */; };
		9A818DE422A2A5EC00E88290 /* Main.storyboard in Resources */ = {isa = PBXBuildFile; fileRef = 9A818DE222A2A5EC00E88290 /* Main.storyboard */; };
		9A818DE622A2A5ED00E88290 /* Assets.xcassets in Resources */ = {isa = PBXBuildFile; fileRef = 9A818DE522A2A5ED00E88290 /* Assets.xcassets */; };
		9A818DE922A2A5ED00E88290 /* LaunchScreen.storyboard in Resources */ = {isa = PBXBuildFile; fileRef = 9A818DE722A2A5ED00E88290 /* LaunchScreen.storyboard */; };
		9AA1642F22C2CB5B00FD6AE4 /* classic_menu.json in Resources */ = {isa = PBXBuildFile; fileRef = 9AA1642E22C2C9BA00FD6AE4 /* classic_menu.json */; };
		9AA1643122C35E9A00FD6AE4 /* white_menu.json in Resources */ = {isa = PBXBuildFile; fileRef = 9AA1643022C35E8500FD6AE4 /* white_menu.json */; };
		9AA1643422C35F5300FD6AE4 /* light_menu.json in Resources */ = {isa = PBXBuildFile; fileRef = 9AA1643222C35F3800FD6AE4 /* light_menu.json */; };
		9AA1643522C35F5300FD6AE4 /* special_menu.json in Resources */ = {isa = PBXBuildFile; fileRef = 9AA1643322C35F4800FD6AE4 /* special_menu.json */; };
		9AA68E9A22BD2F100048AA0C /* InfoStore.swift in Sources */ = {isa = PBXBuildFile; fileRef = 9AA68E9922BD2F100048AA0C /* InfoStore.swift */; };
		9AA68EA122C110150048AA0C /* MenusViewModel.swift in Sources */ = {isa = PBXBuildFile; fileRef = 9AA68EA022C110150048AA0C /* MenusViewModel.swift */; };
		9AA68EA322C112A90048AA0C /* PizzeriaStore.swift in Sources */ = {isa = PBXBuildFile; fileRef = 9AA68EA222C112A90048AA0C /* PizzeriaStore.swift */; };
		9AA68EA522C113F80048AA0C /* StoreStatus.swift in Sources */ = {isa = PBXBuildFile; fileRef = 9AA68EA422C113F80048AA0C /* StoreStatus.swift */; };
		9AADCA4622AB256900EAFADB /* Pizzeria.swift in Sources */ = {isa = PBXBuildFile; fileRef = 9AADCA4522AB256900EAFADB /* Pizzeria.swift */; };
		9AADCA4922AB278A00EAFADB /* PizzeriaService.swift in Sources */ = {isa = PBXBuildFile; fileRef = 9AADCA4822AB278A00EAFADB /* PizzeriaService.swift */; };
		9AFF784322AC85930001E607 /* InfoTableViewController.swift in Sources */ = {isa = PBXBuildFile; fileRef = 9AFF784222AC85930001E607 /* InfoTableViewController.swift */; };
		9AFF784722AC86210001E607 /* pizzeria_menus.json in Resources */ = {isa = PBXBuildFile; fileRef = 9AFF784622AC86210001E607 /* pizzeria_menus.json */; };
		9AFF784922AC8D610001E607 /* URLSession+Wrap.swift in Sources */ = {isa = PBXBuildFile; fileRef = 9AFF784822AC8D610001E607 /* URLSession+Wrap.swift */; };
		9AFF784B22AC8D780001E607 /* Parser.swift in Sources */ = {isa = PBXBuildFile; fileRef = 9AFF784A22AC8D780001E607 /* Parser.swift */; };
		9AFF784D22AC8F740001E607 /* Info.swift in Sources */ = {isa = PBXBuildFile; fileRef = 9AFF784C22AC8F740001E607 /* Info.swift */; };
		9AFF784F22AC91AC0001E607 /* info.json in Resources */ = {isa = PBXBuildFile; fileRef = 9AFF784E22AC8FD60001E607 /* info.json */; };
		9AFF785122AC9D190001E607 /* Constants.swift in Sources */ = {isa = PBXBuildFile; fileRef = 9AFF785022AC9D190001E607 /* Constants.swift */; };
		9AFF785322ACA0E10001E607 /* UITableView+Helpers.swift in Sources */ = {isa = PBXBuildFile; fileRef = 9AFF785222ACA0E10001E607 /* UITableView+Helpers.swift */; };
		9AFF785622ACA2740001E607 /* UIColor+Custom.swift in Sources */ = {isa = PBXBuildFile; fileRef = 9AFF785522ACA2740001E607 /* UIColor+Custom.swift */; };
		9AFF785A22AD1C5D0001E607 /* InfoViewModel.swift in Sources */ = {isa = PBXBuildFile; fileRef = 9AFF785922AD1C5D0001E607 /* InfoViewModel.swift */; };
		F10FB9B38AB8CDC280F17281 /* Pods_Flux.framework in Frameworks */ = {isa = PBXBuildFile; fileRef = EAC35EA5C5BF74960FAF4C79 /* Pods_Flux.framework */; };
/* End PBXBuildFile section */

/* Begin PBXFileReference section */
		9A818DDB22A2A5EC00E88290 /* Flux.app */ = {isa = PBXFileReference; explicitFileType = wrapper.application; includeInIndex = 0; path = Flux.app; sourceTree = BUILT_PRODUCTS_DIR; };
		9A818DDE22A2A5EC00E88290 /* AppDelegate.swift */ = {isa = PBXFileReference; lastKnownFileType = sourcecode.swift; path = AppDelegate.swift; sourceTree = "<group>"; };
		9A818DE022A2A5EC00E88290 /* MenusViewController.swift */ = {isa = PBXFileReference; lastKnownFileType = sourcecode.swift; path = MenusViewController.swift; sourceTree = "<group>"; };
		9A818DE322A2A5EC00E88290 /* Base */ = {isa = PBXFileReference; lastKnownFileType = file.storyboard; name = Base; path = Base.lproj/Main.storyboard; sourceTree = "<group>"; };
		9A818DE522A2A5ED00E88290 /* Assets.xcassets */ = {isa = PBXFileReference; lastKnownFileType = folder.assetcatalog; path = Assets.xcassets; sourceTree = "<group>"; };
		9A818DE822A2A5ED00E88290 /* Base */ = {isa = PBXFileReference; lastKnownFileType = file.storyboard; name = Base; path = Base.lproj/LaunchScreen.storyboard; sourceTree = "<group>"; };
		9A818DEA22A2A5ED00E88290 /* Info.plist */ = {isa = PBXFileReference; lastKnownFileType = text.plist.xml; path = Info.plist; sourceTree = "<group>"; };
		9AA1642E22C2C9BA00FD6AE4 /* classic_menu.json */ = {isa = PBXFileReference; lastKnownFileType = text.json; path = classic_menu.json; sourceTree = "<group>"; };
		9AA1643022C35E8500FD6AE4 /* white_menu.json */ = {isa = PBXFileReference; lastKnownFileType = text.json; path = white_menu.json; sourceTree = "<group>"; };
		9AA1643222C35F3800FD6AE4 /* light_menu.json */ = {isa = PBXFileReference; lastKnownFileType = text.json; path = light_menu.json; sourceTree = "<group>"; };
		9AA1643322C35F4800FD6AE4 /* special_menu.json */ = {isa = PBXFileReference; lastKnownFileType = text.json; path = special_menu.json; sourceTree = "<group>"; };
		9AA68E9922BD2F100048AA0C /* InfoStore.swift */ = {isa = PBXFileReference; lastKnownFileType = sourcecode.swift; path = InfoStore.swift; sourceTree = "<group>"; };
		9AA68EA022C110150048AA0C /* MenusViewModel.swift */ = {isa = PBXFileReference; lastKnownFileType = sourcecode.swift; path = MenusViewModel.swift; sourceTree = "<group>"; };
		9AA68EA222C112A90048AA0C /* PizzeriaStore.swift */ = {isa = PBXFileReference; lastKnownFileType = sourcecode.swift; path = PizzeriaStore.swift; sourceTree = "<group>"; };
		9AA68EA422C113F80048AA0C /* StoreStatus.swift */ = {isa = PBXFileReference; lastKnownFileType = sourcecode.swift; path = StoreStatus.swift; sourceTree = "<group>"; };
		9AADCA4522AB256900EAFADB /* Pizzeria.swift */ = {isa = PBXFileReference; lastKnownFileType = sourcecode.swift; path = Pizzeria.swift; sourceTree = "<group>"; };
		9AADCA4822AB278A00EAFADB /* PizzeriaService.swift */ = {isa = PBXFileReference; lastKnownFileType = sourcecode.swift; path = PizzeriaService.swift; sourceTree = "<group>"; };
		9AFF784222AC85930001E607 /* InfoTableViewController.swift */ = {isa = PBXFileReference; lastKnownFileType = sourcecode.swift; path = InfoTableViewController.swift; sourceTree = "<group>"; };
		9AFF784622AC86210001E607 /* pizzeria_menus.json */ = {isa = PBXFileReference; fileEncoding = 4; lastKnownFileType = text.json; path = pizzeria_menus.json; sourceTree = "<group>"; };
		9AFF784822AC8D610001E607 /* URLSession+Wrap.swift */ = {isa = PBXFileReference; lastKnownFileType = sourcecode.swift; path = "URLSession+Wrap.swift"; sourceTree = "<group>"; };
		9AFF784A22AC8D780001E607 /* Parser.swift */ = {isa = PBXFileReference; lastKnownFileType = sourcecode.swift; path = Parser.swift; sourceTree = "<group>"; };
		9AFF784C22AC8F740001E607 /* Info.swift */ = {isa = PBXFileReference; lastKnownFileType = sourcecode.swift; path = Info.swift; sourceTree = "<group>"; };
		9AFF784E22AC8FD60001E607 /* info.json */ = {isa = PBXFileReference; lastKnownFileType = text.json; path = info.json; sourceTree = "<group>"; };
		9AFF785022AC9D190001E607 /* Constants.swift */ = {isa = PBXFileReference; lastKnownFileType = sourcecode.swift; path = Constants.swift; sourceTree = "<group>"; };
		9AFF785222ACA0E10001E607 /* UITableView+Helpers.swift */ = {isa = PBXFileReference; lastKnownFileType = sourcecode.swift; path = "UITableView+Helpers.swift"; sourceTree = "<group>"; };
		9AFF785522ACA2740001E607 /* UIColor+Custom.swift */ = {isa = PBXFileReference; lastKnownFileType = sourcecode.swift; path = "UIColor+Custom.swift"; sourceTree = "<group>"; };
		9AFF785922AD1C5D0001E607 /* InfoViewModel.swift */ = {isa = PBXFileReference; lastKnownFileType = sourcecode.swift; path = InfoViewModel.swift; sourceTree = "<group>"; };
		B18B525F83D7BA7ECB319EF0 /* Pods-Flux.debug.xcconfig */ = {isa = PBXFileReference; includeInIndex = 1; lastKnownFileType = text.xcconfig; name = "Pods-Flux.debug.xcconfig"; path = "Target Support Files/Pods-Flux/Pods-Flux.debug.xcconfig"; sourceTree = "<group>"; };
		E0F1B424CBA5E96B49861351 /* Pods-Flux.release.xcconfig */ = {isa = PBXFileReference; includeInIndex = 1; lastKnownFileType = text.xcconfig; name = "Pods-Flux.release.xcconfig"; path = "Target Support Files/Pods-Flux/Pods-Flux.release.xcconfig"; sourceTree = "<group>"; };
		EAC35EA5C5BF74960FAF4C79 /* Pods_Flux.framework */ = {isa = PBXFileReference; explicitFileType = wrapper.framework; includeInIndex = 0; path = Pods_Flux.framework; sourceTree = BUILT_PRODUCTS_DIR; };
/* End PBXFileReference section */

/* Begin PBXFrameworksBuildPhase section */
		9A818DD822A2A5EC00E88290 /* Frameworks */ = {
			isa = PBXFrameworksBuildPhase;
			buildActionMask = 2147483647;
			files = (
				F10FB9B38AB8CDC280F17281 /* Pods_Flux.framework in Frameworks */,
			);
			runOnlyForDeploymentPostprocessing = 0;
		};
/* End PBXFrameworksBuildPhase section */

/* Begin PBXGroup section */
		21E0A047FF7F7C77DE9A2598 /* Frameworks */ = {
			isa = PBXGroup;
			children = (
				EAC35EA5C5BF74960FAF4C79 /* Pods_Flux.framework */,
			);
			name = Frameworks;
			sourceTree = "<group>";
		};
		685AB16A920AD844DEBB567E /* Pods */ = {
			isa = PBXGroup;
			children = (
				B18B525F83D7BA7ECB319EF0 /* Pods-Flux.debug.xcconfig */,
				E0F1B424CBA5E96B49861351 /* Pods-Flux.release.xcconfig */,
			);
			path = Pods;
			sourceTree = "<group>";
		};
		9A818DD222A2A5EC00E88290 = {
			isa = PBXGroup;
			children = (
				9A818DDD22A2A5EC00E88290 /* Flux */,
				9A818DDC22A2A5EC00E88290 /* Products */,
				685AB16A920AD844DEBB567E /* Pods */,
				21E0A047FF7F7C77DE9A2598 /* Frameworks */,
			);
			sourceTree = "<group>";
		};
		9A818DDC22A2A5EC00E88290 /* Products */ = {
			isa = PBXGroup;
			children = (
				9A818DDB22A2A5EC00E88290 /* Flux.app */,
			);
			name = Products;
			sourceTree = "<group>";
		};
		9A818DDD22A2A5EC00E88290 /* Flux */ = {
			isa = PBXGroup;
			children = (
				9A818DDE22A2A5EC00E88290 /* AppDelegate.swift */,
				9AFF785022AC9D190001E607 /* Constants.swift */,
				9AFF785422ACA2600001E607 /* Extensions */,
				9AADCA4722AB265700EAFADB /* Service */,
				9AA68E9822BD2EF10048AA0C /* Stores */,
				9AADCA4422AB254700EAFADB /* ViewControllers */,
				9AADCA4322AB253F00EAFADB /* Models */,
				9AFF784422AC85D80001E607 /* Assets */,
				9AFF784522AC85E50001E607 /* JSON */,
				9A818DEA22A2A5ED00E88290 /* Info.plist */,
			);
			path = Flux;
			sourceTree = "<group>";
		};
		9AA68E9822BD2EF10048AA0C /* Stores */ = {
			isa = PBXGroup;
			children = (
				9AA68EA422C113F80048AA0C /* StoreStatus.swift */,
				9AA68E9922BD2F100048AA0C /* InfoStore.swift */,
				9AA68EA222C112A90048AA0C /* PizzeriaStore.swift */,
			);
			path = Stores;
			sourceTree = "<group>";
		};
		9AA68E9B22BD59440048AA0C /* Menus */ = {
			isa = PBXGroup;
			children = (
				9A818DE022A2A5EC00E88290 /* MenusViewController.swift */,
				9AA68E9F22C110000048AA0C /* ViewModel */,
			);
			path = Menus;
			sourceTree = "<group>";
		};
		9AA68E9F22C110000048AA0C /* ViewModel */ = {
			isa = PBXGroup;
			children = (
				9AA68EA022C110150048AA0C /* MenusViewModel.swift */,
			);
			path = ViewModel;
			sourceTree = "<group>";
		};
		9AADCA4322AB253F00EAFADB /* Models */ = {
			isa = PBXGroup;
			children = (
				9AADCA4522AB256900EAFADB /* Pizzeria.swift */,
				9AFF784C22AC8F740001E607 /* Info.swift */,
			);
			path = Models;
			sourceTree = "<group>";
		};
		9AADCA4422AB254700EAFADB /* ViewControllers */ = {
			isa = PBXGroup;
			children = (
				9AA68E9B22BD59440048AA0C /* Menus */,
				9AFF785722AD1C290001E607 /* Info */,
			);
			path = ViewControllers;
			sourceTree = "<group>";
		};
		9AADCA4722AB265700EAFADB /* Service */ = {
			isa = PBXGroup;
			children = (
				9AADCA4822AB278A00EAFADB /* PizzeriaService.swift */,
				9AFF784A22AC8D780001E607 /* Parser.swift */,
			);
			path = Service;
			sourceTree = "<group>";
		};
		9AFF784422AC85D80001E607 /* Assets */ = {
			isa = PBXGroup;
			children = (
				9A818DE522A2A5ED00E88290 /* Assets.xcassets */,
				9A818DE222A2A5EC00E88290 /* Main.storyboard */,
				9A818DE722A2A5ED00E88290 /* LaunchScreen.storyboard */,
			);
			path = Assets;
			sourceTree = "<group>";
		};
		9AFF784522AC85E50001E607 /* JSON */ = {
			isa = PBXGroup;
			children = (
				9AFF784E22AC8FD60001E607 /* info.json */,
				9AA1642E22C2C9BA00FD6AE4 /* classic_menu.json */,
				9AA1643022C35E8500FD6AE4 /* white_menu.json */,
				9AA1643222C35F3800FD6AE4 /* light_menu.json */,
				9AA1643322C35F4800FD6AE4 /* special_menu.json */,
				9AFF784622AC86210001E607 /* pizzeria_menus.json */,
			);
			path = JSON;
			sourceTree = "<group>";
		};
		9AFF785422ACA2600001E607 /* Extensions */ = {
			isa = PBXGroup;
			children = (
				9AFF785522ACA2740001E607 /* UIColor+Custom.swift */,
				9AFF784822AC8D610001E607 /* URLSession+Wrap.swift */,
				9AFF785222ACA0E10001E607 /* UITableView+Helpers.swift */,
			);
			path = Extensions;
			sourceTree = "<group>";
		};
		9AFF785722AD1C290001E607 /* Info */ = {
			isa = PBXGroup;
			children = (
				9AFF784222AC85930001E607 /* InfoTableViewController.swift */,
				9AFF785822AD1C340001E607 /* ViewModel */,
			);
			path = Info;
			sourceTree = "<group>";
		};
		9AFF785822AD1C340001E607 /* ViewModel */ = {
			isa = PBXGroup;
			children = (
				9AFF785922AD1C5D0001E607 /* InfoViewModel.swift */,
			);
			path = ViewModel;
			sourceTree = "<group>";
		};
/* End PBXGroup section */

/* Begin PBXNativeTarget section */
		9A818DDA22A2A5EC00E88290 /* Flux */ = {
			isa = PBXNativeTarget;
			buildConfigurationList = 9A818DED22A2A5ED00E88290 /* Build configuration list for PBXNativeTarget "Flux" */;
			buildPhases = (
				D5D04B072643ED821BFFD3A6 /* [CP] Check Pods Manifest.lock */,
				9A818DD722A2A5EC00E88290 /* Sources */,
				9A818DD822A2A5EC00E88290 /* Frameworks */,
				9A818DD922A2A5EC00E88290 /* Resources */,
				B111AAA43C583A96123406A0 /* [CP] Embed Pods Frameworks */,
			);
			buildRules = (
			);
			dependencies = (
			);
			name = Flux;
			productName = Flux;
			productReference = 9A818DDB22A2A5EC00E88290 /* Flux.app */;
			productType = "com.apple.product-type.application";
		};
/* End PBXNativeTarget section */

/* Begin PBXProject section */
		9A818DD322A2A5EC00E88290 /* Project object */ = {
			isa = PBXProject;
			attributes = {
				LastSwiftUpdateCheck = 1020;
				LastUpgradeCheck = 1020;
				ORGANIZATIONNAME = "Daniele Bogo";
				TargetAttributes = {
					9A818DDA22A2A5EC00E88290 = {
						CreatedOnToolsVersion = 10.2.1;
					};
				};
			};
			buildConfigurationList = 9A818DD622A2A5EC00E88290 /* Build configuration list for PBXProject "Flux" */;
			compatibilityVersion = "Xcode 9.3";
			developmentRegion = en;
			hasScannedForEncodings = 0;
			knownRegions = (
				en,
				Base,
			);
			mainGroup = 9A818DD222A2A5EC00E88290;
			productRefGroup = 9A818DDC22A2A5EC00E88290 /* Products */;
			projectDirPath = "";
			projectRoot = "";
			targets = (
				9A818DDA22A2A5EC00E88290 /* Flux */,
			);
		};
/* End PBXProject section */

/* Begin PBXResourcesBuildPhase section */
		9A818DD922A2A5EC00E88290 /* Resources */ = {
			isa = PBXResourcesBuildPhase;
			buildActionMask = 2147483647;
			files = (
				9AA1643122C35E9A00FD6AE4 /* white_menu.json in Resources */,
				9AA1643522C35F5300FD6AE4 /* special_menu.json in Resources */,
				9AFF784722AC86210001E607 /* pizzeria_menus.json in Resources */,
				9AA1642F22C2CB5B00FD6AE4 /* classic_menu.json in Resources */,
				9AA1643422C35F5300FD6AE4 /* light_menu.json in Resources */,
				9A818DE922A2A5ED00E88290 /* LaunchScreen.storyboard in Resources */,
				9AFF784F22AC91AC0001E607 /* info.json in Resources */,
				9A818DE622A2A5ED00E88290 /* Assets.xcassets in Resources */,
				9A818DE422A2A5EC00E88290 /* Main.storyboard in Resources */,
			);
			runOnlyForDeploymentPostprocessing = 0;
		};
/* End PBXResourcesBuildPhase section */

/* Begin PBXShellScriptBuildPhase section */
		B111AAA43C583A96123406A0 /* [CP] Embed Pods Frameworks */ = {
			isa = PBXShellScriptBuildPhase;
			buildActionMask = 2147483647;
			files = (
			);
			inputFileListPaths = (
				"${PODS_ROOT}/Target Support Files/Pods-Flux/Pods-Flux-frameworks-${CONFIGURATION}-input-files.xcfilelist",
			);
			name = "[CP] Embed Pods Frameworks";
			outputFileListPaths = (
				"${PODS_ROOT}/Target Support Files/Pods-Flux/Pods-Flux-frameworks-${CONFIGURATION}-output-files.xcfilelist",
			);
			runOnlyForDeploymentPostprocessing = 0;
			shellPath = /bin/sh;
			shellScript = "\"${PODS_ROOT}/Target Support Files/Pods-Flux/Pods-Flux-frameworks.sh\"\n";
			showEnvVarsInLog = 0;
		};
		D5D04B072643ED821BFFD3A6 /* [CP] Check Pods Manifest.lock */ = {
			isa = PBXShellScriptBuildPhase;
			buildActionMask = 2147483647;
			files = (
			);
			inputFileListPaths = (
			);
			inputPaths = (
				"${PODS_PODFILE_DIR_PATH}/Podfile.lock",
				"${PODS_ROOT}/Manifest.lock",
			);
			name = "[CP] Check Pods Manifest.lock";
			outputFileListPaths = (
			);
			outputPaths = (
				"$(DERIVED_FILE_DIR)/Pods-Flux-checkManifestLockResult.txt",
			);
			runOnlyForDeploymentPostprocessing = 0;
			shellPath = /bin/sh;
			shellScript = "diff \"${PODS_PODFILE_DIR_PATH}/Podfile.lock\" \"${PODS_ROOT}/Manifest.lock\" > /dev/null\nif [ $? != 0 ] ; then\n    # print error to STDERR\n    echo \"error: The sandbox is not in sync with the Podfile.lock. Run 'pod install' or update your CocoaPods installation.\" >&2\n    exit 1\nfi\n# This output is used by Xcode 'outputs' to avoid re-running this script phase.\necho \"SUCCESS\" > \"${SCRIPT_OUTPUT_FILE_0}\"\n";
			showEnvVarsInLog = 0;
		};
/* End PBXShellScriptBuildPhase section */

/* Begin PBXSourcesBuildPhase section */
		9A818DD722A2A5EC00E88290 /* Sources */ = {
			isa = PBXSourcesBuildPhase;
			buildActionMask = 2147483647;
			files = (
				9AFF784922AC8D610001E607 /* URLSession+Wrap.swift in Sources */,
				9AFF784D22AC8F740001E607 /* Info.swift in Sources */,
				9AFF785A22AD1C5D0001E607 /* InfoViewModel.swift in Sources */,
				9AADCA4622AB256900EAFADB /* Pizzeria.swift in Sources */,
				9AFF785622ACA2740001E607 /* UIColor+Custom.swift in Sources */,
				9AA68EA322C112A90048AA0C /* PizzeriaStore.swift in Sources */,
				9AA68EA122C110150048AA0C /* MenusViewModel.swift in Sources */,
				9AA68EA522C113F80048AA0C /* StoreStatus.swift in Sources */,
				9AFF784322AC85930001E607 /* InfoTableViewController.swift in Sources */,
				9A818DE122A2A5EC00E88290 /* MenusViewController.swift in Sources */,
				9A818DDF22A2A5EC00E88290 /* AppDelegate.swift in Sources */,
				9AADCA4922AB278A00EAFADB /* PizzeriaService.swift in Sources */,
				9AFF784B22AC8D780001E607 /* Parser.swift in Sources */,
				9AA68E9A22BD2F100048AA0C /* InfoStore.swift in Sources */,
				9AFF785322ACA0E10001E607 /* UITableView+Helpers.swift in Sources */,
				9AFF785122AC9D190001E607 /* Constants.swift in Sources */,
			);
			runOnlyForDeploymentPostprocessing = 0;
		};
/* End PBXSourcesBuildPhase section */

/* Begin PBXVariantGroup section */
		9A818DE222A2A5EC00E88290 /* Main.storyboard */ = {
			isa = PBXVariantGroup;
			children = (
				9A818DE322A2A5EC00E88290 /* Base */,
			);
			name = Main.storyboard;
			sourceTree = "<group>";
		};
		9A818DE722A2A5ED00E88290 /* LaunchScreen.storyboard */ = {
			isa = PBXVariantGroup;
			children = (
				9A818DE822A2A5ED00E88290 /* Base */,
			);
			name = LaunchScreen.storyboard;
			sourceTree = "<group>";
		};
/* End PBXVariantGroup section */

/* Begin XCBuildConfiguration section */
		9A818DEB22A2A5ED00E88290 /* Debug */ = {
			isa = XCBuildConfiguration;
			buildSettings = {
				ALWAYS_SEARCH_USER_PATHS = NO;
				CLANG_ANALYZER_NONNULL = YES;
				CLANG_ANALYZER_NUMBER_OBJECT_CONVERSION = YES_AGGRESSIVE;
				CLANG_CXX_LANGUAGE_STANDARD = "gnu++14";
				CLANG_CXX_LIBRARY = "libc++";
				CLANG_ENABLE_MODULES = YES;
				CLANG_ENABLE_OBJC_ARC = YES;
				CLANG_ENABLE_OBJC_WEAK = YES;
				CLANG_WARN_BLOCK_CAPTURE_AUTORELEASING = YES;
				CLANG_WARN_BOOL_CONVERSION = YES;
				CLANG_WARN_COMMA = YES;
				CLANG_WARN_CONSTANT_CONVERSION = YES;
				CLANG_WARN_DEPRECATED_OBJC_IMPLEMENTATIONS = YES;
				CLANG_WARN_DIRECT_OBJC_ISA_USAGE = YES_ERROR;
				CLANG_WARN_DOCUMENTATION_COMMENTS = YES;
				CLANG_WARN_EMPTY_BODY = YES;
				CLANG_WARN_ENUM_CONVERSION = YES;
				CLANG_WARN_INFINITE_RECURSION = YES;
				CLANG_WARN_INT_CONVERSION = YES;
				CLANG_WARN_NON_LITERAL_NULL_CONVERSION = YES;
				CLANG_WARN_OBJC_IMPLICIT_RETAIN_SELF = YES;
				CLANG_WARN_OBJC_LITERAL_CONVERSION = YES;
				CLANG_WARN_OBJC_ROOT_CLASS = YES_ERROR;
				CLANG_WARN_RANGE_LOOP_ANALYSIS = YES;
				CLANG_WARN_STRICT_PROTOTYPES = YES;
				CLANG_WARN_SUSPICIOUS_MOVE = YES;
				CLANG_WARN_UNGUARDED_AVAILABILITY = YES_AGGRESSIVE;
				CLANG_WARN_UNREACHABLE_CODE = YES;
				CLANG_WARN__DUPLICATE_METHOD_MATCH = YES;
				CODE_SIGN_IDENTITY = "iPhone Developer";
				COPY_PHASE_STRIP = NO;
				DEBUG_INFORMATION_FORMAT = dwarf;
				ENABLE_STRICT_OBJC_MSGSEND = YES;
				ENABLE_TESTABILITY = YES;
				GCC_C_LANGUAGE_STANDARD = gnu11;
				GCC_DYNAMIC_NO_PIC = NO;
				GCC_NO_COMMON_BLOCKS = YES;
				GCC_OPTIMIZATION_LEVEL = 0;
				GCC_PREPROCESSOR_DEFINITIONS = (
					"DEBUG=1",
					"$(inherited)",
				);
				GCC_WARN_64_TO_32_BIT_CONVERSION = YES;
				GCC_WARN_ABOUT_RETURN_TYPE = YES_ERROR;
				GCC_WARN_UNDECLARED_SELECTOR = YES;
				GCC_WARN_UNINITIALIZED_AUTOS = YES_AGGRESSIVE;
				GCC_WARN_UNUSED_FUNCTION = YES;
				GCC_WARN_UNUSED_VARIABLE = YES;
				IPHONEOS_DEPLOYMENT_TARGET = 12.2;
				MTL_ENABLE_DEBUG_INFO = INCLUDE_SOURCE;
				MTL_FAST_MATH = YES;
				ONLY_ACTIVE_ARCH = YES;
				SDKROOT = iphoneos;
				SWIFT_ACTIVE_COMPILATION_CONDITIONS = DEBUG;
				SWIFT_OPTIMIZATION_LEVEL = "-Onone";
			};
			name = Debug;
		};
		9A818DEC22A2A5ED00E88290 /* Release */ = {
			isa = XCBuildConfiguration;
			buildSettings = {
				ALWAYS_SEARCH_USER_PATHS = NO;
				CLANG_ANALYZER_NONNULL = YES;
				CLANG_ANALYZER_NUMBER_OBJECT_CONVERSION = YES_AGGRESSIVE;
				CLANG_CXX_LANGUAGE_STANDARD = "gnu++14";
				CLANG_CXX_LIBRARY = "libc++";
				CLANG_ENABLE_MODULES = YES;
				CLANG_ENABLE_OBJC_ARC = YES;
				CLANG_ENABLE_OBJC_WEAK = YES;
				CLANG_WARN_BLOCK_CAPTURE_AUTORELEASING = YES;
				CLANG_WARN_BOOL_CONVERSION = YES;
				CLANG_WARN_COMMA = YES;
				CLANG_WARN_CONSTANT_CONVERSION = YES;
				CLANG_WARN_DEPRECATED_OBJC_IMPLEMENTATIONS = YES;
				CLANG_WARN_DIRECT_OBJC_ISA_USAGE = YES_ERROR;
				CLANG_WARN_DOCUMENTATION_COMMENTS = YES;
				CLANG_WARN_EMPTY_BODY = YES;
				CLANG_WARN_ENUM_CONVERSION = YES;
				CLANG_WARN_INFINITE_RECURSION = YES;
				CLANG_WARN_INT_CONVERSION = YES;
				CLANG_WARN_NON_LITERAL_NULL_CONVERSION = YES;
				CLANG_WARN_OBJC_IMPLICIT_RETAIN_SELF = YES;
				CLANG_WARN_OBJC_LITERAL_CONVERSION = YES;
				CLANG_WARN_OBJC_ROOT_CLASS = YES_ERROR;
				CLANG_WARN_RANGE_LOOP_ANALYSIS = YES;
				CLANG_WARN_STRICT_PROTOTYPES = YES;
				CLANG_WARN_SUSPICIOUS_MOVE = YES;
				CLANG_WARN_UNGUARDED_AVAILABILITY = YES_AGGRESSIVE;
				CLANG_WARN_UNREACHABLE_CODE = YES;
				CLANG_WARN__DUPLICATE_METHOD_MATCH = YES;
				CODE_SIGN_IDENTITY = "iPhone Developer";
				COPY_PHASE_STRIP = NO;
				DEBUG_INFORMATION_FORMAT = "dwarf-with-dsym";
				ENABLE_NS_ASSERTIONS = NO;
				ENABLE_STRICT_OBJC_MSGSEND = YES;
				GCC_C_LANGUAGE_STANDARD = gnu11;
				GCC_NO_COMMON_BLOCKS = YES;
				GCC_WARN_64_TO_32_BIT_CONVERSION = YES;
				GCC_WARN_ABOUT_RETURN_TYPE = YES_ERROR;
				GCC_WARN_UNDECLARED_SELECTOR = YES;
				GCC_WARN_UNINITIALIZED_AUTOS = YES_AGGRESSIVE;
				GCC_WARN_UNUSED_FUNCTION = YES;
				GCC_WARN_UNUSED_VARIABLE = YES;
				IPHONEOS_DEPLOYMENT_TARGET = 12.2;
				MTL_ENABLE_DEBUG_INFO = NO;
				MTL_FAST_MATH = YES;
				SDKROOT = iphoneos;
				SWIFT_COMPILATION_MODE = wholemodule;
				SWIFT_OPTIMIZATION_LEVEL = "-O";
				VALIDATE_PRODUCT = YES;
			};
			name = Release;
		};
		9A818DEE22A2A5ED00E88290 /* Debug */ = {
			isa = XCBuildConfiguration;
			baseConfigurationReference = B18B525F83D7BA7ECB319EF0 /* Pods-Flux.debug.xcconfig */;
			buildSettings = {
				ASSETCATALOG_COMPILER_APPICON_NAME = AppIcon;
				CODE_SIGN_STYLE = Automatic;
				DEVELOPMENT_TEAM = Q3SKDBM9PM;
				INFOPLIST_FILE = Flux/Info.plist;
				LD_RUNPATH_SEARCH_PATHS = (
					"$(inherited)",
					"@executable_path/Frameworks",
				);
				PRODUCT_BUNDLE_IDENTIFIER = com.swiftandpizza.Flux;
				PRODUCT_NAME = "$(TARGET_NAME)";
				SWIFT_VERSION = 5.0;
				TARGETED_DEVICE_FAMILY = 1;
			};
			name = Debug;
		};
		9A818DEF22A2A5ED00E88290 /* Release */ = {
			isa = XCBuildConfiguration;
			baseConfigurationReference = E0F1B424CBA5E96B49861351 /* Pods-Flux.release.xcconfig */;
			buildSettings = {
				ASSETCATALOG_COMPILER_APPICON_NAME = AppIcon;
				CODE_SIGN_STYLE = Automatic;
				DEVELOPMENT_TEAM = Q3SKDBM9PM;
				INFOPLIST_FILE = Flux/Info.plist;
				LD_RUNPATH_SEARCH_PATHS = (
					"$(inherited)",
					"@executable_path/Frameworks",
				);
				PRODUCT_BUNDLE_IDENTIFIER = com.swiftandpizza.Flux;
				PRODUCT_NAME = "$(TARGET_NAME)";
				SWIFT_VERSION = 5.0;
				TARGETED_DEVICE_FAMILY = 1;
			};
			name = Release;
		};
/* End XCBuildConfiguration section */

/* Begin XCConfigurationList section */
		9A818DD622A2A5EC00E88290 /* Build configuration list for PBXProject "Flux" */ = {
			isa = XCConfigurationList;
			buildConfigurations = (
				9A818DEB22A2A5ED00E88290 /* Debug */,
				9A818DEC22A2A5ED00E88290 /* Release */,
			);
			defaultConfigurationIsVisible = 0;
			defaultConfigurationName = Release;
		};
		9A818DED22A2A5ED00E88290 /* Build configuration list for PBXNativeTarget "Flux" */ = {
			isa = XCConfigurationList;
			buildConfigurations = (
				9A818DEE22A2A5ED00E88290 /* Debug */,
				9A818DEF22A2A5ED00E88290 /* Release */,
			);
			defaultConfigurationIsVisible = 0;
			defaultConfigurationName = Release;
		};
/* End XCConfigurationList section */
	};
	rootObject = 9A818DD322A2A5EC00E88290 /* Project object */;
}
